// !$*UTF8*$!
{
	archiveVersion = 1;
	classes = {
	};
	objectVersion = 46;
	objects = {

/* Begin PBXBuildFile section */
		4BB8C00C1E3D84090098791A /* AppDelegate.swift in Sources */ = {isa = PBXBuildFile; fileRef = 4BB8C00B1E3D84090098791A /* AppDelegate.swift */; };
		4BB8C00E1E3D84090098791A /* ViewController.swift in Sources */ = {isa = PBXBuildFile; fileRef = 4BB8C00D1E3D84090098791A /* ViewController.swift */; };
		4BB8C0111E3D84090098791A /* Main.storyboard in Resources */ = {isa = PBXBuildFile; fileRef = 4BB8C00F1E3D84090098791A /* Main.storyboard */; };
		4BB8C0131E3D840A0098791A /* Assets.xcassets in Resources */ = {isa = PBXBuildFile; fileRef = 4BB8C0121E3D840A0098791A /* Assets.xcassets */; };
		4BB8C0161E3D840A0098791A /* LaunchScreen.storyboard in Resources */ = {isa = PBXBuildFile; fileRef = 4BB8C0141E3D840A0098791A /* LaunchScreen.storyboard */; };
/* End PBXBuildFile section */

/* Begin PBXFileReference section */
		4BB8C0081E3D84090098791A /* AlternateAppIcons.app */ = {isa = PBXFileReference; explicitFileType = wrapper.application; includeInIndex = 0; path = AlternateAppIcons.app; sourceTree = BUILT_PRODUCTS_DIR; };
		4BB8C00B1E3D84090098791A /* AppDelegate.swift */ = {isa = PBXFileReference; lastKnownFileType = sourcecode.swift; path = AppDelegate.swift; sourceTree = "<group>"; };
		4BB8C00D1E3D84090098791A /* ViewController.swift */ = {isa = PBXFileReference; lastKnownFileType = sourcecode.swift; path = ViewController.swift; sourceTree = "<group>"; };
		4BB8C0101E3D84090098791A /* Base */ = {isa = PBXFileReference; lastKnownFileType = file.storyboard; name = Base; path = Base.lproj/Main.storyboard; sourceTree = "<group>"; };
		4BB8C0121E3D840A0098791A /* Assets.xcassets */ = {isa = PBXFileReference; lastKnownFileType = folder.assetcatalog; path = Assets.xcassets; sourceTree = "<group>"; };
		4BB8C0151E3D840A0098791A /* Base */ = {isa = PBXFileReference; lastKnownFileType = file.storyboard; name = Base; path = Base.lproj/LaunchScreen.storyboard; sourceTree = "<group>"; };
		4BB8C0171E3D840A0098791A /* Info.plist */ = {isa = PBXFileReference; lastKnownFileType = text.plist.xml; path = Info.plist; sourceTree = "<group>"; };
/* End PBXFileReference section */

/* Begin PBXFrameworksBuildPhase section */
		4BB8C0051E3D84090098791A /* Frameworks */ = {
			isa = PBXFrameworksBuildPhase;
			buildActionMask = 2147483647;
			files = (
			);
			runOnlyForDeploymentPostprocessing = 0;
		};
/* End PBXFrameworksBuildPhase section */

/* Begin PBXGroup section */
		4BB8BFFF1E3D84090098791A = {
			isa = PBXGroup;
			children = (
				4BB8C00A1E3D84090098791A /* AlternateAppIcons */,
				4BB8C0091E3D84090098791A /* Products */,
			);
			sourceTree = "<group>";
		};
		4BB8C0091E3D84090098791A /* Products */ = {
			isa = PBXGroup;
			children = (
				4BB8C0081E3D84090098791A /* AlternateAppIcons.app */,
			);
			name = Products;
			sourceTree = "<group>";
		};
		4BB8C00A1E3D84090098791A /* AlternateAppIcons */ = {
			isa = PBXGroup;
			children = (
				4BB8C00B1E3D84090098791A /* AppDelegate.swift */,
				4BB8C00D1E3D84090098791A /* ViewController.swift */,
				4BB8C00F1E3D84090098791A /* Main.storyboard */,
				4BB8C0121E3D840A0098791A /* Assets.xcassets */,
				4BB8C0141E3D840A0098791A /* LaunchScreen.storyboard */,
				4BB8C0171E3D840A0098791A /* Info.plist */,
			);
			path = AlternateAppIcons;
			sourceTree = "<group>";
		};
/* End PBXGroup section */

/* Begin PBXNativeTarget section */
		4BB8C0071E3D84090098791A /* AlternateAppIcons */ = {
			isa = PBXNativeTarget;
			buildConfigurationList = 4BB8C01A1E3D840A0098791A /* Build configuration list for PBXNativeTarget "AlternateAppIcons" */;
			buildPhases = (
				4BB8C0041E3D84090098791A /* Sources */,
				4BB8C0051E3D84090098791A /* Frameworks */,
				4BB8C0061E3D84090098791A /* Resources */,
			);
			buildRules = (
			);
			dependencies = (
			);
			name = AlternateAppIcons;
			productName = AlternateAppIcons;
			productReference = 4BB8C0081E3D84090098791A /* AlternateAppIcons.app */;
			productType = "com.apple.product-type.application";
		};
/* End PBXNativeTarget section */

/* Begin PBXProject section */
		4BB8C0001E3D84090098791A /* Project object */ = {
			isa = PBXProject;
			attributes = {
				LastSwiftUpdateCheck = 0830;
				LastUpgradeCheck = 0830;
				ORGANIZATIONNAME = "Sameh Mabrouk";
				TargetAttributes = {
					4BB8C0071E3D84090098791A = {
						CreatedOnToolsVersion = 8.3;
						DevelopmentTeam = 8U3N7M58T5;
						ProvisioningStyle = Automatic;
					};
				};
			};
			buildConfigurationList = 4BB8C0031E3D84090098791A /* Build configuration list for PBXProject "AlternateAppIcons" */;
			compatibilityVersion = "Xcode 3.2";
			developmentRegion = English;
			hasScannedForEncodings = 0;
			knownRegions = (
				en,
				Base,
			);
			mainGroup = 4BB8BFFF1E3D84090098791A;
			productRefGroup = 4BB8C0091E3D84090098791A /* Products */;
			projectDirPath = "";
			projectRoot = "";
			targets = (
				4BB8C0071E3D84090098791A /* AlternateAppIcons */,
			);
		};
/* End PBXProject section */

/* Begin PBXResourcesBuildPhase section */
		4BB8C0061E3D84090098791A /* Resources */ = {
			isa = PBXResourcesBuildPhase;
			buildActionMask = 2147483647;
			files = (
				4BB8C0161E3D840A0098791A /* LaunchScreen.storyboard in Resources */,
				4BB8C0131E3D840A0098791A /* Assets.xcassets in Resources */,
				4BB8C0111E3D84090098791A /* Main.storyboard in Resources */,
			);
			runOnlyForDeploymentPostprocessing = 0;
		};
/* End PBXResourcesBuildPhase section */

/* Begin PBXSourcesBuildPhase section */
		4BB8C0041E3D84090098791A /* Sources */ = {
			isa = PBXSourcesBuildPhase;
			buildActionMask = 2147483647;
			files = (
				4BB8C00E1E3D84090098791A /* ViewController.swift in Sources */,
				4BB8C00C1E3D84090098791A /* AppDelegate.swift in Sources */,
			);
			runOnlyForDeploymentPostprocessing = 0;
		};
/* End PBXSourcesBuildPhase section */

/* Begin PBXVariantGroup section */
		4BB8C00F1E3D84090098791A /* Main.storyboard */ = {
			isa = PBXVariantGroup;
			children = (
				4BB8C0101E3D84090098791A /* Base */,
			);
			name = Main.storyboard;
			sourceTree = "<group>";
		};
		4BB8C0141E3D840A0098791A /* LaunchScreen.storyboard */ = {
			isa = PBXVariantGroup;
			children = (
				4BB8C0151E3D840A0098791A /* Base */,
			);
			name = LaunchScreen.storyboard;
			sourceTree = "<group>";
		};
/* End PBXVariantGroup section */

/* Begin XCBuildConfiguration section */
		4BB8C0181E3D840A0098791A /* Debug */ = {
			isa = XCBuildConfiguration;
			buildSettings = {
				ALWAYS_SEARCH_USER_PATHS = NO;
				CLANG_ANALYZER_NONNULL = YES;
				CLANG_ANALYZER_NUMBER_OBJECT_CONVERSION = YES_AGGRESSIVE;
				CLANG_CXX_LANGUAGE_STANDARD = "gnu++0x";
				CLANG_CXX_LIBRARY = "libc++";
				CLANG_ENABLE_MODULES = YES;
				CLANG_ENABLE_OBJC_ARC = YES;
				CLANG_WARN_BOOL_CONVERSION = YES;
				CLANG_WARN_CONSTANT_CONVERSION = YES;
				CLANG_WARN_DIRECT_OBJC_ISA_USAGE = YES_ERROR;
				CLANG_WARN_DOCUMENTATION_COMMENTS = YES;
				CLANG_WARN_EMPTY_BODY = YES;
				CLANG_WARN_ENUM_CONVERSION = YES;
				CLANG_WARN_INFINITE_RECURSION = YES;
				CLANG_WARN_INT_CONVERSION = YES;
				CLANG_WARN_OBJC_ROOT_CLASS = YES_ERROR;
				CLANG_WARN_SUSPICIOUS_MOVE = YES;
				CLANG_WARN_UNREACHABLE_CODE = YES;
				CLANG_WARN__DUPLICATE_METHOD_MATCH = YES;
				"CODE_SIGN_IDENTITY[sdk=iphoneos*]" = "iPhone Developer";
				COPY_PHASE_STRIP = NO;
				DEBUG_INFORMATION_FORMAT = dwarf;
				ENABLE_STRICT_OBJC_MSGSEND = YES;
				ENABLE_TESTABILITY = YES;
				GCC_C_LANGUAGE_STANDARD = gnu99;
				GCC_DYNAMIC_NO_PIC = NO;
				GCC_NO_COMMON_BLOCKS = YES;
				GCC_OPTIMIZATION_LEVEL = 0;
				GCC_PREPROCESSOR_DEFINITIONS = (
					"DEBUG=1",
					"$(inherited)",
				);
				GCC_WARN_64_TO_32_BIT_CONVERSION = YES;
				GCC_WARN_ABOUT_RETURN_TYPE = YES_ERROR;
				GCC_WARN_UNDECLARED_SELECTOR = YES;
				GCC_WARN_UNINITIALIZED_AUTOS = YES_AGGRESSIVE;
				GCC_WARN_UNUSED_FUNCTION = YES;
				GCC_WARN_UNUSED_VARIABLE = YES;
				IPHONEOS_DEPLOYMENT_TARGET = 10.3;
				MTL_ENABLE_DEBUG_INFO = YES;
				ONLY_ACTIVE_ARCH = YES;
				SDKROOT = iphoneos;
				SWIFT_ACTIVE_COMPILATION_CONDITIONS = DEBUG;
				SWIFT_OPTIMIZATION_LEVEL = "-Onone";
				TARGETED_DEVICE_FAMILY = "1,2";
			};
			name = Debug;
		};
		4BB8C0191E3D840A0098791A /* Release */ = {
			isa = XCBuildConfiguration;
			buildSettings = {
				ALWAYS_SEARCH_USER_PATHS = NO;
				CLANG_ANALYZER_NONNULL = YES;
				CLANG_ANALYZER_NUMBER_OBJECT_CONVERSION = YES_AGGRESSIVE;
				CLANG_CXX_LANGUAGE_STANDARD = "gnu++0x";
				CLANG_CXX_LIBRARY = "libc++";
				CLANG_ENABLE_MODULES = YES;
				CLANG_ENABLE_OBJC_ARC = YES;
				CLANG_WARN_BOOL_CONVERSION = YES;
				CLANG_WARN_CONSTANT_CONVERSION = YES;
				CLANG_WARN_DIRECT_OBJC_ISA_USAGE = YES_ERROR;
				CLANG_WARN_DOCUMENTATION_COMMENTS = YES;
				CLANG_WARN_EMPTY_BODY = YES;
				CLANG_WARN_ENUM_CONVERSION = YES;
				CLANG_WARN_INFINITE_RECURSION = YES;
				CLANG_WARN_INT_CONVERSION = YES;
				CLANG_WARN_OBJC_ROOT_CLASS = YES_ERROR;
				CLANG_WARN_SUSPICIOUS_MOVE = YES;
				CLANG_WARN_UNREACHABLE_CODE = YES;
				CLANG_WARN__DUPLICATE_METHOD_MATCH = YES;
				"CODE_SIGN_IDENTITY[sdk=iphoneos*]" = "iPhone Developer";
				COPY_PHASE_STRIP = NO;
				DEBUG_INFORMATION_FORMAT = "dwarf-with-dsym";
				ENABLE_NS_ASSERTIONS = NO;
				ENABLE_STRICT_OBJC_MSGSEND = YES;
				GCC_C_LANGUAGE_STANDARD = gnu99;
				GCC_NO_COMMON_BLOCKS = YES;
				GCC_WARN_64_TO_32_BIT_CONVERSION = YES;
				GCC_WARN_ABOUT_RETURN_TYPE = YES_ERROR;
				GCC_WARN_UNDECLARED_SELECTOR = YES;
				GCC_WARN_UNINITIALIZED_AUTOS = YES_AGGRESSIVE;
				GCC_WARN_UNUSED_FUNCTION = YES;
				GCC_WARN_UNUSED_VARIABLE = YES;
				IPHONEOS_DEPLOYMENT_TARGET = 10.3;
				MTL_ENABLE_DEBUG_INFO = NO;
				SDKROOT = iphoneos;
				SWIFT_OPTIMIZATION_LEVEL = "-Owholemodule";
				TARGETED_DEVICE_FAMILY = "1,2";
				VALIDATE_PRODUCT = YES;
			};
			name = Release;
		};
		4BB8C01B1E3D840A0098791A /* Debug */ = {
			isa = XCBuildConfiguration;
			buildSettings = {
				ASSETCATALOG_COMPILER_APPICON_NAME = AppIcon;
				DEVELOPMENT_TEAM = 8U3N7M58T5;
				INFOPLIST_FILE = AlternateAppIcons/Info.plist;
				LD_RUNPATH_SEARCH_PATHS = "$(inherited) @executable_path/Frameworks";
				PRODUCT_BUNDLE_IDENTIFIER = com.smapps.AlternateAppIcons;
				PRODUCT_NAME = "$(TARGET_NAME)";
				SWIFT_VERSION = 3.0;
			};
			name = Debug;
		};
		4BB8C01C1E3D840A0098791A /* Release */ = {
			isa = XCBuildConfiguration;
			buildSettings = {
				ASSETCATALOG_COMPILER_APPICON_NAME = AppIcon;
				DEVELOPMENT_TEAM = 8U3N7M58T5;
				INFOPLIST_FILE = AlternateAppIcons/Info.plist;
				LD_RUNPATH_SEARCH_PATHS = "$(inherited) @executable_path/Frameworks";
				PRODUCT_BUNDLE_IDENTIFIER = com.smapps.AlternateAppIcons;
				PRODUCT_NAME = "$(TARGET_NAME)";
				SWIFT_VERSION = 3.0;
			};
			name = Release;
		};
/* End XCBuildConfiguration section */

/* Begin XCConfigurationList section */
		4BB8C0031E3D84090098791A /* Build configuration list for PBXProject "AlternateAppIcons" */ = {
			isa = XCConfigurationList;
			buildConfigurations = (
				4BB8C0181E3D840A0098791A /* Debug */,
				4BB8C0191E3D840A0098791A /* Release */,
			);
			defaultConfigurationIsVisible = 0;
			defaultConfigurationName = Release;
		};
		4BB8C01A1E3D840A0098791A /* Build configuration list for PBXNativeTarget "AlternateAppIcons" */ = {
			isa = XCConfigurationList;
			buildConfigurations = (
				4BB8C01B1E3D840A0098791A /* Debug */,
				4BB8C01C1E3D840A0098791A /* Release */,
			);
			defaultConfigurationIsVisible = 0;
		};
/* End XCConfigurationList section */
	};
	rootObject = 4BB8C0001E3D84090098791A /* Project object */;
}
